
Microsoft Visual Studio Solution File, Format Version 12.00
# Visual Studio Version 16
VisualStudioVersion = 16.0.30320.27
MinimumVisualStudioVersion = 10.0.40219.1
Project("{FAE04EC0-301F-11D3-BF4B-00C04F79EFBC}") = "WCF-DotNetFramework.API", "src\WCF-DotNetFramework.API\WCF-DotNetFramework.API.csproj", "{6A123D23-A9C0-482E-AF2C-F60F17281FE4}"
EndProject
Project("{FAE04EC0-301F-11D3-BF4B-00C04F79EFBC}") = "WCF-DotNetFramework.Domain", "src\WCF-DotNetFramework.Domain\WCF-DotNetFramework.Domain.csproj", "{04F6618B-E668-49BC-AB28-E086FA090F6A}"
EndProject
Project("{FAE04EC0-301F-11D3-BF4B-00C04F79EFBC}") = "WCF-DotNetFramework.BLL", "src\WCF-DotNetFramework.BLL\WCF-DotNetFramework.BLL.csproj", "{C46778E1-3E34-4FBB-A533-98A297B80167}"
EndProject
Project("{FAE04EC0-301F-11D3-BF4B-00C04F79EFBC}") = "WCF-DotNetFramework.DAL", "src\WCF-DotNetFramework.DAL\WCF-DotNetFramework.DAL.csproj", "{1C26CEC4-B26F-4306-AF49-6C2DFD35F345}"
EndProject
Global
	GlobalSection(SolutionConfigurationPlatforms) = preSolution
		Debug|Any CPU = Debug|Any CPU
		Release|Any CPU = Release|Any CPU
	EndGlobalSection
	GlobalSection(ProjectConfigurationPlatforms) = postSolution
		{6A123D23-A9C0-482E-AF2C-F60F17281FE4}.Debug|Any CPU.ActiveCfg = Debug|Any CPU
		{6A123D23-A9C0-482E-AF2C-F60F17281FE4}.Debug|Any CPU.Build.0 = Debug|Any CPU
		{6A123D23-A9C0-482E-AF2C-F60F17281FE4}.Release|Any CPU.ActiveCfg = Release|Any CPU
		{6A123D23-A9C0-482E-AF2C-F60F17281FE4}.Release|Any CPU.Build.0 = Release|Any CPU
		{04F6618B-E668-49BC-AB28-E086FA090F6A}.Debug|Any CPU.ActiveCfg = Debug|Any CPU
		{04F6618B-E668-49BC-AB28-E086FA090F6A}.Debug|Any CPU.Build.0 = Debug|Any CPU
		{04F6618B-E668-49BC-AB28-E086FA090F6A}.Release|Any CPU.ActiveCfg = Release|Any CPU
		{04F6618B-E668-49BC-AB28-E086FA090F6A}.Release|Any CPU.Build.0 = Release|Any CPU
		{C46778E1-3E34-4FBB-A533-98A297B80167}.Debug|Any CPU.ActiveCfg = Debug|Any CPU
		{C46778E1-3E34-4FBB-A533-98A297B80167}.Debug|Any CPU.Build.0 = Debug|Any CPU
		{C46778E1-3E34-4FBB-A533-98A297B80167}.Release|Any CPU.ActiveCfg = Release|Any CPU
		{C46778E1-3E34-4FBB-A533-98A297B80167}.Release|Any CPU.Build.0 = Release|Any CPU
		{1C26CEC4-B26F-4306-AF49-6C2DFD35F345}.Debug|Any CPU.ActiveCfg = Debug|Any CPU
		{1C26CEC4-B26F-4306-AF49-6C2DFD35F345}.Debug|Any CPU.Build.0 = Debug|Any CPU
		{1C26CEC4-B26F-4306-AF49-6C2DFD35F345}.Release|Any CPU.ActiveCfg = Release|Any CPU
		{1C26CEC4-B26F-4306-AF49-6C2DFD35F345}.Release|Any CPU.Build.0 = Release|Any CPU
	EndGlobalSection
	GlobalSection(SolutionProperties) = preSolution
		HideSolutionNode = FALSE
	EndGlobalSection
	GlobalSection(ExtensibilityGlobals) = postSolution
		SolutionGuid = {9E582161-A9BC-4F71-98C0-DE0C8A11BE5E}
	EndGlobalSection
EndGlobal
